
Microsoft Visual Studio Solution File, Format Version 12.00
# Visual Studio Version 16
VisualStudioVersion = 16.0.29403.142
MinimumVisualStudioVersion = 10.0.40219.1
Project("{FAE04EC0-301F-11D3-BF4B-00C04F79EFBC}") = "MVC_WebApi_DI_Example", "MVC_WebApi_DI_Example\MVC_WebApi_DI_Example.csproj", "{5EFD5382-6FE1-40F7-9177-E15D56086ED6}"
EndProject
Global
	GlobalSection(SolutionConfigurationPlatforms) = preSolution
		Debug|Any CPU = Debug|Any CPU
		Release|Any CPU = Release|Any CPU
	EndGlobalSection
	GlobalSection(ProjectConfigurationPlatforms) = postSolution
		{5EFD5382-6FE1-40F7-9177-E15D56086ED6}.Debug|Any CPU.ActiveCfg = Debug|Any CPU
		{5EFD5382-6FE1-40F7-9177-E15D56086ED6}.Debug|Any CPU.Build.0 = Debug|Any CPU
		{5EFD5382-6FE1-40F7-9177-E15D56086ED6}.Release|Any CPU.ActiveCfg = Release|Any CPU
		{5EFD5382-6FE1-40F7-9177-E15D56086ED6}.Release|Any CPU.Build.0 = Release|Any CPU
	EndGlobalSection
	GlobalSection(SolutionProperties) = preSolution
		HideSolutionNode = FALSE
	EndGlobalSection
	GlobalSection(ExtensibilityGlobals) = postSolution
		SolutionGuid = {099194A5-485C-4A02-B2D0-EFC985F65748}
	EndGlobalSection
EndGlobal
